PODS:
  - "Artsy+UIColors (3.0.1)"
  - "Artsy+UIFonts (3.2.0)"
  - Artsy-UIButtons (2.0.1):
    - "Artsy+UIColors (~> 3.0)"
    - "Artsy+UIFonts"
    - "UIView+BooleanAnimations"
  - Expecta (1.0.5)
  - "Expecta+Snapshots (3.0.0)":
    - Expecta (~> 1.0)
    - FBSnapshotTestCase/Core (~> 2.0)
    - Specta (~> 1.0)
  - Extraction (1.2.3):
    - Extraction/ARAnimationContinuation (= 1.2.3)
    - Extraction/ARLoadFailureView (= 1.2.3)
    - Extraction/ARSpinner (= 1.2.3)
    - Extraction/ARSwitchView (= 1.2.3)
    - "Extraction/UILabel+Typography (= 1.2.3)"
    - "Extraction/UIView+ARSpinner (= 1.2.3)"
  - Extraction/ARAnimationContinuation (1.2.3)
  - Extraction/ARLoadFailureView (1.2.3):
    - Artsy-UIButtons
    - "Extraction/UILabel+Typography"
    - ORStackView (< 3)
  - Extraction/ARSpinner (1.2.3):
    - "Extraction/UIView+ARSpinner"
    - "UIView+BooleanAnimations"
  - Extraction/ARSwitchView (1.2.3):
    - "Artsy+UIColors"
    - "Artsy+UIFonts (>= 1.1.0)"
    - FLKAutoLayout
    - "UIView+BooleanAnimations"
  - "Extraction/UILabel+Typography (1.2.3)"
  - "Extraction/UIView+ARSpinner (1.2.3)":
    - Extraction/ARAnimationContinuation
  - FBSnapshotTestCase/Core (2.1.4)
  - FLKAutoLayout (1.0.0)
  - ORStackView (2.0.3):
    - FLKAutoLayout
  - Specta (1.0.5)
  - "UIView+BooleanAnimations (1.0.2)"

DEPENDENCIES:
  - "Artsy+UIFonts (from `https://github.com/artsy/Artsy-OSSUIFonts.git`)"
  - Expecta
  - "Expecta+Snapshots"
  - Extraction (from `../`)
  - FBSnapshotTestCase/Core
  - FLKAutoLayout (from `https://github.com/floriankugler/FLKAutoLayout.git`)
  - Specta

SPEC REPOS:
  https://github.com/artsy/Specs.git:
    - "Artsy+UIColors"
    - Artsy-UIButtons
  https://github.com/cocoapods/specs.git:
    - Expecta
    - "Expecta+Snapshots"
    - FBSnapshotTestCase
    - ORStackView
    - Specta
    - "UIView+BooleanAnimations"

EXTERNAL SOURCES:
  "Artsy+UIFonts":
    :git: https://github.com/artsy/Artsy-OSSUIFonts.git
  Extraction:
    :path: "../"
  FLKAutoLayout:
    :git: https://github.com/floriankugler/FLKAutoLayout.git

CHECKOUT OPTIONS:
  "Artsy+UIFonts":
    :commit: 1c61a95c0834323283694e2f48e697d5babc889d
    :git: https://github.com/artsy/Artsy-OSSUIFonts.git
  FLKAutoLayout:
    :commit: 8cb911654b3538c0ce514701db041d32964ea17c
    :git: https://github.com/floriankugler/FLKAutoLayout.git

SPEC CHECKSUMS:
  "Artsy+UIColors": 10a2d71e9ffe1015be43d4e084d13ff4337aab97
  "Artsy+UIFonts": d9c9ad8f1060f27863df6623f933103c7816bbf7
  Artsy-UIButtons: 26e6d1e0d2174773e9cf7693985d27faddd61743
  Expecta: e1c022fcd33910b6be89c291d2775b3fe27a89fe
  "Expecta+Snapshots": c343f410c7a6392f3e22e78f94c44b6c0749a516
  Extraction: 612cf0866f74d4c0dd616677ff24146efa200958
  FBSnapshotTestCase: 094f9f314decbabe373b87cc339bea235a63e07a
  FLKAutoLayout: 106b14dbae09d32c6730190f4e78a959759ba4a4
  ORStackView: b9507271cb41fb9e0b3eecc6414d831201e7cf7c
  Specta: ac94d110b865115fe60ff2c6d7281053c6f8e8a2
  "UIView+BooleanAnimations": a760be9a066036e55f298b7b7350a6cb14cfcd97

PODFILE CHECKSUM: cec1387e509b20d8396b3561ba1514fecb1f18a9

COCOAPODS: 1.5.3
