PODS:
  - Artsy+UIColors (3.0.1)
  - Artsy+UIFonts (1.1.0)
  - Artsy-UIButtons (2.0.1):
    - Artsy+UIColors (~> 3.0)
    - Artsy+UIFonts
    - UIView+BooleanAnimations
  - Expecta (1.0.5)
  - Expecta+Snapshots (3.0.0):
    - Expecta (~> 1.0)
    - FBSnapshotTestCase/Core (~> 2.0)
    - Specta (~> 1.0)
  - Extraction (1.1.0):
    - Extraction/ARAnimationContinuation (= 1.1.0)
    - Extraction/ARLoadFailureView (= 1.1.0)
    - Extraction/ARSpinner (= 1.1.0)
    - Extraction/ARSwitchView (= 1.1.0)
    - Extraction/UILabel+Typography (= 1.1.0)
    - Extraction/UIView+ARSpinner (= 1.1.0)
  - Extraction/ARAnimationContinuation (1.1.0)
  - Extraction/ARLoadFailureView (1.1.0):
    - Artsy-UIButtons
    - Extraction/UILabel+Typography
    - ORStackView
  - Extraction/ARSpinner (1.1.0):
    - Extraction/UIView+ARSpinner
    - UIView+BooleanAnimations
  - Extraction/ARSwitchView (1.1.0):
    - Artsy+UIColors
    - Artsy+UIFonts (>= 1.1.0)
    - FLKAutoLayout
    - UIView+BooleanAnimations
  - Extraction/UILabel+Typography (1.1.0)
  - Extraction/UIView+ARSpinner (1.1.0):
    - Extraction/ARAnimationContinuation
  - FBSnapshotTestCase (2.1.1):
    - FBSnapshotTestCase/SwiftSupport (= 2.1.1)
  - FBSnapshotTestCase/Core (2.1.1)
  - FBSnapshotTestCase/SwiftSupport (2.1.1):
    - FBSnapshotTestCase/Core
  - FLKAutoLayout (1.0.0)
  - ORStackView (2.0.3):
    - FLKAutoLayout
  - Specta (1.0.5)
  - UIView+BooleanAnimations (1.0.2)

DEPENDENCIES:
  - Artsy+UIFonts (from `https://github.com/artsy/Artsy-UIFonts.git`)
  - Expecta
  - Expecta+Snapshots
  - Extraction (from `../`)
  - FBSnapshotTestCase (from `https://github.com/facebook/ios-snapshot-test-case.git`)
  - FLKAutoLayout (from `https://github.com/floriankugler/FLKAutoLayout.git`)
  - Specta

EXTERNAL SOURCES:
  Artsy+UIFonts:
    :git: https://github.com/artsy/Artsy-UIFonts.git
  Extraction:
    :path: ../
  FBSnapshotTestCase:
    :git: https://github.com/facebook/ios-snapshot-test-case.git
  FLKAutoLayout:
    :git: https://github.com/floriankugler/FLKAutoLayout.git

CHECKOUT OPTIONS:
  Artsy+UIFonts:
    :commit: 6295cce382764bbca9f2b3e972f71eb2b4d32d57
    :git: https://github.com/artsy/Artsy-UIFonts.git
  FBSnapshotTestCase:
    :commit: 5a4ee79ed96dd0d2f3766ffd22ecb04ef73c2c82
    :git: https://github.com/facebook/ios-snapshot-test-case.git
  FLKAutoLayout:
    :commit: 8cb911654b3538c0ce514701db041d32964ea17c
    :git: https://github.com/floriankugler/FLKAutoLayout.git

SPEC CHECKSUMS:
  Artsy+UIColors: 10a2d71e9ffe1015be43d4e084d13ff4337aab97
  Artsy+UIFonts: 108bfe625c45008ebb15c4c62003882dd345c4b8
  Artsy-UIButtons: 26e6d1e0d2174773e9cf7693985d27faddd61743
  Expecta: e1c022fcd33910b6be89c291d2775b3fe27a89fe
  Expecta+Snapshots: c343f410c7a6392f3e22e78f94c44b6c0749a516
  Extraction: a433f014365005b19106a81cb1d18bb711384297
  FBSnapshotTestCase: ec0ed7378d617e4b787e6cf9899d22cb86010b94
  FLKAutoLayout: 106b14dbae09d32c6730190f4e78a959759ba4a4
  ORStackView: b9507271cb41fb9e0b3eecc6414d831201e7cf7c
  Specta: ac94d110b865115fe60ff2c6d7281053c6f8e8a2
  UIView+BooleanAnimations: a760be9a066036e55f298b7b7350a6cb14cfcd97

PODFILE CHECKSUM: b0cbf9059d9a34ecddae280c7bf9f9865eeeedd5

COCOAPODS: 1.0.1
